
Microsoft Visual Studio Solution File, Format Version 12.00
# Visual Studio 2013
VisualStudioVersion = 12.0.21005.1
MinimumVisualStudioVersion = 10.0.40219.1
Project("{FAE04EC0-301F-11D3-BF4B-00C04F79EFBC}") = "proyecto2", "proyecto2\proyecto2.csproj", "{FF73AF49-12DC-48E4-ABD9-4E74A37EB273}"
EndProject
Global
	GlobalSection(SolutionConfigurationPlatforms) = preSolution
		Debug|Any CPU = Debug|Any CPU
		Release|Any CPU = Release|Any CPU
	EndGlobalSection
	GlobalSection(ProjectConfigurationPlatforms) = postSolution
		{FF73AF49-12DC-48E4-ABD9-4E74A37EB273}.Debug|Any CPU.ActiveCfg = Debug|Any CPU
		{FF73AF49-12DC-48E4-ABD9-4E74A37EB273}.Debug|Any CPU.Build.0 = Debug|Any CPU
		{FF73AF49-12DC-48E4-ABD9-4E74A37EB273}.Release|Any CPU.ActiveCfg = Release|Any CPU
		{FF73AF49-12DC-48E4-ABD9-4E74A37EB273}.Release|Any CPU.Build.0 = Release|Any CPU
	EndGlobalSection
	GlobalSection(SolutionProperties) = preSolution
		HideSolutionNode = FALSE
	EndGlobalSection
EndGlobal
